
Microsoft Visual Studio Solution File, Format Version 12.00
# Visual Studio 15
VisualStudioVersion = 15.0.28307.489
MinimumVisualStudioVersion = 10.0.40219.1
Project("{FAE04EC0-301F-11D3-BF4B-00C04F79EFBC}") = "NonInteractiveClient", "NonInteractiveClient\NonInteractiveClient.csproj", "{58ED27BF-0489-4C1C-8BDB-B7EA18BDA211}"
EndProject
Global
	GlobalSection(SolutionConfigurationPlatforms) = preSolution
		Debug|Any CPU = Debug|Any CPU
		Release|Any CPU = Release|Any CPU
	EndGlobalSection
	GlobalSection(ProjectConfigurationPlatforms) = postSolution
		{58ED27BF-0489-4C1C-8BDB-B7EA18BDA211}.Debug|Any CPU.ActiveCfg = Debug|Any CPU
		{58ED27BF-0489-4C1C-8BDB-B7EA18BDA211}.Debug|Any CPU.Build.0 = Debug|Any CPU
		{58ED27BF-0489-4C1C-8BDB-B7EA18BDA211}.Release|Any CPU.ActiveCfg = Release|Any CPU
		{58ED27BF-0489-4C1C-8BDB-B7EA18BDA211}.Release|Any CPU.Build.0 = Release|Any CPU
	EndGlobalSection
	GlobalSection(SolutionProperties) = preSolution
		HideSolutionNode = FALSE
	EndGlobalSection
	GlobalSection(ExtensibilityGlobals) = postSolution
		SolutionGuid = {22161F67-514B-48C1-BF8A-143B0E6966D5}
	EndGlobalSection
EndGlobal
